// !$*UTF8*$!
{
	archiveVersion = 1;
	classes = {
	};
	objectVersion = 77;
	objects = {

/* Begin PBXBuildFile section */
		5E7B35A8300C0F2800A9388F /* QuranSphere in Resources */ = {isa = PBXBuildFile; fileRef = 5E7B35A7300C0EEB00A9388F /* QuranSphere */; };
/* End PBXBuildFile section */

/* Begin PBXContainerItemProxy section */
		5E2BDBC33007EB63007BD194 /* PBXContainerItemProxy */ = {
			isa = PBXContainerItemProxy;
			containerPortal = 5E2BDBAD3007EB5C007BD194 /* Project object */;
			proxyType = 1;
			remoteGlobalIDString = 5E2BDBB43007EB5C007BD194;
			remoteInfo = QuranScape;
		};
		5E2BDBCD3007EB63007BD194 /* PBXContainerItemProxy */ = {
			isa = PBXContainerItemProxy;
			containerPortal = 5E2BDBAD3007EB5C007BD194 /* Project object */;
			proxyType = 1;
			remoteGlobalIDString = 5E2BDBB43007EB5C007BD194;
			remoteInfo = QuranScape;
		};
/* End PBXContainerItemProxy section */

/* Begin PBXFileReference section */
		5E2BDBB53007EB5C007BD194 /* QuranSphere.app */ = {isa = PBXFileReference; explicitFileType = wrapper.application; includeInIndex = 0; path = QuranSphere.app; sourceTree = BUILT_PRODUCTS_DIR; };
		5E2BDBC23007EB63007BD194 /* QuranSphereTests.xctest */ = {isa = PBXFileReference; explicitFileType = wrapper.cfbundle; includeInIndex = 0; path = QuranSphereTests.xctest; sourceTree = BUILT_PRODUCTS_DIR; };
		5E2BDBCC3007EB63007BD194 /* QuranSphereUITests.xctest */ = {isa = PBXFileReference; explicitFileType = wrapper.cfbundle; includeInIndex = 0; path = QuranSphereUITests.xctest; sourceTree = BUILT_PRODUCTS_DIR; };
		5E7B35A7300C0EEB00A9388F /* QuranSphere */ = {isa = PBXFileReference; lastKnownFileType = folder; path = QuranSphere; sourceTree = "<group>"; };
/* End PBXFileReference section */

/* Begin PBXFileSystemSynchronizedRootGroup section */
		5E2BDBC53007EB63007BD194 /* QuranScapeTests */ = {
			isa = PBXFileSystemSynchronizedRootGroup;
			path = QuranScapeTests;
			sourceTree = "<group>";
		};
		5E2BDBCF3007EB63007BD194 /* QuranScapeUITests */ = {
			isa = PBXFileSystemSynchronizedRootGroup;
			path = QuranScapeUITests;
			sourceTree = "<group>";
		};
/* End PBXFileSystemSynchronizedRootGroup section */

/* Begin PBXFrameworksBuildPhase section */
		5E2BDBB23007EB5C007BD194 /* Frameworks */ = {
			isa = PBXFrameworksBuildPhase;
			buildActionMask = 2147483647;
			files = (
			);
			runOnlyForDeploymentPostprocessing = 0;
		};
		5E2BDBBF3007EB63007BD194 /* Frameworks */ = {
			isa = PBXFrameworksBuildPhase;
			buildActionMask = 2147483647;
			files = (
			);
			runOnlyForDeploymentPostprocessing = 0;
		};
		5E2BDBC93007EB63007BD194 /* Frameworks */ = {
			isa = PBXFrameworksBuildPhase;
			buildActionMask = 2147483647;
			files = (
			);
			runOnlyForDeploymentPostprocessing = 0;
		};
/* End PBXFrameworksBuildPhase section */

/* Begin PBXGroup section */
		5E2BDBAC3007EB5C007BD194 = {
			isa = PBXGroup;
			children = (
				5E7B35A7300C0EEB00A9388F /* QuranSphere */,
				5E2BDBC53007EB63007BD194 /* QuranScapeTests */,
				5E2BDBCF3007EB63007BD194 /* QuranScapeUITests */,
				5E2BDBB63007EB5C007BD194 /* Products */,
			);
			sourceTree = "<group>";
		};
		5E2BDBB63007EB5C007BD194 /* Products */ = {
			isa = PBXGroup;
			children = (
				5E2BDBB53007EB5C007BD194 /* QuranSphere.app */,
				5E2BDBC23007EB63007BD194 /* QuranSphereTests.xctest */,
				5E2BDBCC3007EB63007BD194 /* QuranSphereUITests.xctest */,
			);
			name = Products;
			sourceTree = "<group>";
		};
/* End PBXGroup section */

/* Begin PBXNativeTarget section */
		5E2BDBB43007EB5C007BD194 /* QuranSphere */ = {
			isa = PBXNativeTarget;
			buildConfigurationList = 5E2BDBD63007EB63007BD194 /* Build configuration list for PBXNativeTarget "QuranSphere" */;
			buildPhases = (
				5E2BDBB13007EB5C007BD194 /* Sources */,
				5E2BDBB23007EB5C007BD194 /* Frameworks */,
				5E2BDBB33007EB5C007BD194 /* Resources */,
			);
			buildRules = (
			);
			dependencies = (
			);
			name = QuranSphere;
			packageProductDependencies = (
			);
			productName = QuranScape;
			productReference = 5E2BDBB53007EB5C007BD194 /* QuranSphere.app */;
			productType = "com.apple.product-type.application";
		};
		5E2BDBC13007EB63007BD194 /* QuranSphereTests */ = {
			isa = PBXNativeTarget;
			buildConfigurationList = 5E2BDBD93007EB63007BD194 /* Build configuration list for PBXNativeTarget "QuranSphereTests" */;
			buildPhases = (
				5E2BDBBE3007EB63007BD194 /* Sources */,
				5E2BDBBF3007EB63007BD194 /* Frameworks */,
				5E2BDBC03007EB63007BD194 /* Resources */,
			);
			buildRules = (
			);
			dependencies = (
				5E2BDBC43007EB63007BD194 /* PBXTargetDependency */,
			);
			fileSystemSynchronizedGroups = (
				5E2BDBC53007EB63007BD194 /* QuranScapeTests */,
			);
			name = QuranSphereTests;
			packageProductDependencies = (
			);
			productName = QuranScapeTests;
			productReference = 5E2BDBC23007EB63007BD194 /* QuranSphereTests.xctest */;
			productType = "com.apple.product-type.bundle.unit-test";
		};
		5E2BDBCB3007EB63007BD194 /* QuranSphereUITests */ = {
			isa = PBXNativeTarget;
			buildConfigurationList = 5E2BDBDC3007EB63007BD194 /* Build configuration list for PBXNativeTarget "QuranSphereUITests" */;
			buildPhases = (
				5E2BDBC83007EB63007BD194 /* Sources */,
				5E2BDBC93007EB63007BD194 /* Frameworks */,
				5E2BDBCA3007EB63007BD194 /* Resources */,
			);
			buildRules = (
			);
			dependencies = (
				5E2BDBCE3007EB63007BD194 /* PBXTargetDependency */,
			);
			fileSystemSynchronizedGroups = (
				5E2BDBCF3007EB63007BD194 /* QuranScapeUITests */,
			);
			name = QuranSphereUITests;
			packageProductDependencies = (
			);
			productName = QuranScapeUITests;
			productReference = 5E2BDBCC3007EB63007BD194 /* QuranSphereUITests.xctest */;
			productType = "com.apple.product-type.bundle.ui-testing";
		};
/* End PBXNativeTarget section */

/* Begin PBXProject section */
		5E2BDBAD3007EB5C007BD194 /* Project object */ = {
			isa = PBXProject;
			attributes = {
				BuildIndependentTargetsInParallel = 1;
				LastSwiftUpdateCheck = 2660;
				LastUpgradeCheck = 2660;
				TargetAttributes = {
					5E2BDBB43007EB5C007BD194 = {
						CreatedOnToolsVersion = 26.6;
					};
					5E2BDBC13007EB63007BD194 = {
						CreatedOnToolsVersion = 26.6;
						TestTargetID = 5E2BDBB43007EB5C007BD194;
					};
					5E2BDBCB3007EB63007BD194 = {
						CreatedOnToolsVersion = 26.6;
						TestTargetID = 5E2BDBB43007EB5C007BD194;
					};
				};
			};
			buildConfigurationList = 5E2BDBB03007EB5C007BD194 /* Build configuration list for PBXProject "QuranSphere" */;
			developmentRegion = en;
			hasScannedForEncodings = 0;
			knownRegions = (
				en,
				Base,
			);
			mainGroup = 5E2BDBAC3007EB5C007BD194;
			minimizedProjectReferenceProxies = 1;
			preferredProjectObjectVersion = 77;
			productRefGroup = 5E2BDBB63007EB5C007BD194 /* Products */;
			projectDirPath = "";
			projectRoot = "";
			targets = (
				5E2BDBB43007EB5C007BD194 /* QuranSphere */,
				5E2BDBC13007EB63007BD194 /* QuranSphereTests */,
				5E2BDBCB3007EB63007BD194 /* QuranSphereUITests */,
			);
		};
/* End PBXProject section */

/* Begin PBXResourcesBuildPhase section */
		5E2BDBB33007EB5C007BD194 /* Resources */ = {
			isa = PBXResourcesBuildPhase;
			buildActionMask = 2147483647;
			files = (
				5E7B35A8300C0F2800A9388F /* QuranSphere in Resources */,
			);
			runOnlyForDeploymentPostprocessing = 0;
		};
		5E2BDBC03007EB63007BD194 /* Resources */ = {
			isa = PBXResourcesBuildPhase;
			buildActionMask = 2147483647;
			files = (
			);
			runOnlyForDeploymentPostprocessing = 0;
		};
		5E2BDBCA3007EB63007BD194 /* Resources */ = {
			isa = PBXResourcesBuildPhase;
			buildActionMask = 2147483647;
			files = (
			);
			runOnlyForDeploymentPostprocessing = 0;
		};
/* End PBXResourcesBuildPhase section */

/* Begin PBXSourcesBuildPhase section */
		5E2BDBB13007EB5C007BD194 /* Sources */ = {
			isa = PBXSourcesBuildPhase;
			buildActionMask = 2147483647;
			files = (
			);
			runOnlyForDeploymentPostprocessing = 0;
		};
		5E2BDBBE3007EB63007BD194 /* Sources */ = {
			isa = PBXSourcesBuildPhase;
			buildActionMask = 2147483647;
			files = (
			);
			runOnlyForDeploymentPostprocessing = 0;
		};
		5E2BDBC83007EB63007BD194 /* Sources */ = {
			isa = PBXSourcesBuildPhase;
			buildActionMask = 2147483647;
			files = (
			);
			runOnlyForDeploymentPostprocessing = 0;
		};
/* End PBXSourcesBuildPhase section */

/* Begin PBXTargetDependency section */
		5E2BDBC43007EB63007BD194 /* PBXTargetDependency */ = {
			isa = PBXTargetDependency;
			target = 5E2BDBB43007EB5C007BD194 /* QuranSphere */;
			targetProxy = 5E2BDBC33007EB63007BD194 /* PBXContainerItemProxy */;
		};
		5E2BDBCE3007EB63007BD194 /* PBXTargetDependency */ = {
			isa = PBXTargetDependency;
			target = 5E2BDBB43007EB5C007BD194 /* QuranSphere */;
			targetProxy = 5E2BDBCD3007EB63007BD194 /* PBXContainerItemProxy */;
		};
/* End PBXTargetDependency section */

/* Begin XCBuildConfiguration section */
		5E2BDBD43007EB63007BD194 /* Debug */ = {
			isa = XCBuildConfiguration;
			buildSettings = {
				ALWAYS_SEARCH_USER_PATHS = NO;
				ASSETCATALOG_COMPILER_GENERATE_SWIFT_ASSET_SYMBOL_EXTENSIONS = YES;
				CLANG_ANALYZER_NONNULL = YES;
				CLANG_ANALYZER_NUMBER_OBJECT_CONVERSION = YES_AGGRESSIVE;
				CLANG_CXX_LANGUAGE_STANDARD = "gnu++20";
				CLANG_ENABLE_MODULES = YES;
				CLANG_ENABLE_OBJC_ARC = YES;
				CLANG_ENABLE_OBJC_WEAK = YES;
				CLANG_WARN_BLOCK_CAPTURE_AUTORELEASING = YES;
				CLANG_WARN_BOOL_CONVERSION = YES;
				CLANG_WARN_COMMA = YES;
				CLANG_WARN_CONSTANT_CONVERSION = YES;
				CLANG_WARN_DEPRECATED_OBJC_IMPLEMENTATIONS = YES;
				CLANG_WARN_DIRECT_OBJC_ISA_USAGE = YES_ERROR;
				CLANG_WARN_DOCUMENTATION_COMMENTS = YES;
				CLANG_WARN_EMPTY_BODY = YES;
				CLANG_WARN_ENUM_CONVERSION = YES;
				CLANG_WARN_INFINITE_RECURSION = YES;
				CLANG_WARN_INT_CONVERSION = YES;
				CLANG_WARN_NON_LITERAL_NULL_CONVERSION = YES;
				CLANG_WARN_OBJC_IMPLICIT_RETAIN_SELF = YES;
				CLANG_WARN_OBJC_LITERAL_CONVERSION = YES;
				CLANG_WARN_OBJC_ROOT_CLASS = YES_ERROR;
				CLANG_WARN_QUOTED_INCLUDE_IN_FRAMEWORK_HEADER = YES;
				CLANG_WARN_RANGE_LOOP_ANALYSIS = YES;
				CLANG_WARN_STRICT_PROTOTYPES = YES;
				CLANG_WARN_SUSPICIOUS_MOVE = YES;
				CLANG_WARN_UNGUARDED_AVAILABILITY = YES_AGGRESSIVE;
				CLANG_WARN_UNREACHABLE_CODE = YES;
				CLANG_WARN__DUPLICATE_METHOD_MATCH = YES;
				COPY_PHASE_STRIP = NO;
				DEBUG_INFORMATION_FORMAT = dwarf;
				ENABLE_STRICT_OBJC_MSGSEND = YES;
				ENABLE_TESTABILITY = YES;
				ENABLE_USER_SCRIPT_SANDBOXING = YES;
				GCC_C_LANGUAGE_STANDARD = gnu17;
				GCC_DYNAMIC_NO_PIC = NO;
				GCC_NO_COMMON_BLOCKS = YES;
				GCC_OPTIMIZATION_LEVEL = 0;
				GCC_PREPROCESSOR_DEFINITIONS = (
					"DEBUG=1",
					"$(inherited)",
				);
				GCC_WARN_64_TO_32_BIT_CONVERSION = YES;
				GCC_WARN_ABOUT_RETURN_TYPE = YES_ERROR;
				GCC_WARN_UNDECLARED_SELECTOR = YES;
				GCC_WARN_UNINITIALIZED_AUTOS = YES_AGGRESSIVE;
				GCC_WARN_UNUSED_FUNCTION = YES;
				GCC_WARN_UNUSED_VARIABLE = YES;
				IPHONEOS_DEPLOYMENT_TARGET = 26.5;
				LOCALIZATION_PREFERS_STRING_CATALOGS = YES;
				MTL_ENABLE_DEBUG_INFO = INCLUDE_SOURCE;
				MTL_FAST_MATH = YES;
				ONLY_ACTIVE_ARCH = YES;
				SDKROOT = iphoneos;
				SWIFT_ACTIVE_COMPILATION_CONDITIONS = "DEBUG $(inherited)";
				SWIFT_OPTIMIZATION_LEVEL = "-Onone";
			};
			name = Debug;
		};
		5E2BDBD53007EB63007BD194 /* Release */ = {
			isa = XCBuildConfiguration;
			buildSettings = {
				ALWAYS_SEARCH_USER_PATHS = NO;
				ASSETCATALOG_COMPILER_GENERATE_SWIFT_ASSET_SYMBOL_EXTENSIONS = YES;
				CLANG_ANALYZER_NONNULL = YES;
				CLANG_ANALYZER_NUMBER_OBJECT_CONVERSION = YES_AGGRESSIVE;
				CLANG_CXX_LANGUAGE_STANDARD = "gnu++20";
				CLANG_ENABLE_MODULES = YES;
				CLANG_ENABLE_OBJC_ARC = YES;
				CLANG_ENABLE_OBJC_WEAK = YES;
				CLANG_WARN_BLOCK_CAPTURE_AUTORELEASING = YES;
				CLANG_WARN_BOOL_CONVERSION = YES;
				CLANG_WARN_COMMA = YES;
				CLANG_WARN_CONSTANT_CONVERSION = YES;
				CLANG_WARN_DEPRECATED_OBJC_IMPLEMENTATIONS = YES;
				CLANG_WARN_DIRECT_OBJC_ISA_USAGE = YES_ERROR;
				CLANG_WARN_DOCUMENTATION_COMMENTS = YES;
				CLANG_WARN_EMPTY_BODY = YES;
				CLANG_WARN_ENUM_CONVERSION = YES;
				CLANG_WARN_INFINITE_RECURSION = YES;
				CLANG_WARN_INT_CONVERSION = YES;
				CLANG_WARN_NON_LITERAL_NULL_CONVERSION = YES;
				CLANG_WARN_OBJC_IMPLICIT_RETAIN_SELF = YES;
				CLANG_WARN_OBJC_LITERAL_CONVERSION = YES;
				CLANG_WARN_OBJC_ROOT_CLASS = YES_ERROR;
				CLANG_WARN_QUOTED_INCLUDE_IN_FRAMEWORK_HEADER = YES;
				CLANG_WARN_RANGE_LOOP_ANALYSIS = YES;
				CLANG_WARN_STRICT_PROTOTYPES = YES;
				CLANG_WARN_SUSPICIOUS_MOVE = YES;
				CLANG_WARN_UNGUARDED_AVAILABILITY = YES_AGGRESSIVE;
				CLANG_WARN_UNREACHABLE_CODE = YES;
				CLANG_WARN__DUPLICATE_METHOD_MATCH = YES;
				COPY_PHASE_STRIP = NO;
				DEBUG_INFORMATION_FORMAT = "dwarf-with-dsym";
				ENABLE_NS_ASSERTIONS = NO;
				ENABLE_STRICT_OBJC_MSGSEND = YES;
				ENABLE_USER_SCRIPT_SANDBOXING = YES;
				GCC_C_LANGUAGE_STANDARD = gnu17;
				GCC_NO_COMMON_BLOCKS = YES;
				GCC_WARN_64_TO_32_BIT_CONVERSION = YES;
				GCC_WARN_ABOUT_RETURN_TYPE = YES_ERROR;
				GCC_WARN_UNDECLARED_SELECTOR = YES;
				GCC_WARN_UNINITIALIZED_AUTOS = YES_AGGRESSIVE;
				GCC_WARN_UNUSED_FUNCTION = YES;
				GCC_WARN_UNUSED_VARIABLE = YES;
				IPHONEOS_DEPLOYMENT_TARGET = 26.5;
				LOCALIZATION_PREFERS_STRING_CATALOGS = YES;
				MTL_ENABLE_DEBUG_INFO = NO;
				MTL_FAST_MATH = YES;
				SDKROOT = iphoneos;
				SWIFT_COMPILATION_MODE = wholemodule;
				VALIDATE_PRODUCT = YES;
			};
			name = Release;
		};
		5E2BDBD73007EB63007BD194 /* Debug */ = {
			isa = XCBuildConfiguration;
			buildSettings = {
				ASSETCATALOG_COMPILER_APPICON_NAME = AppIcon;
				ASSETCATALOG_COMPILER_GLOBAL_ACCENT_COLOR_NAME = AccentColor;
				CODE_SIGN_STYLE = Automatic;
				CURRENT_PROJECT_VERSION = 1;
				DEVELOPMENT_TEAM = 3XJJK875MN;
				ENABLE_PREVIEWS = YES;
				GENERATE_INFOPLIST_FILE = YES;
				INFOPLIST_KEY_UIApplicationSceneManifest_Generation = YES;
				INFOPLIST_KEY_UIApplicationSupportsIndirectInputEvents = YES;
				INFOPLIST_KEY_UILaunchScreen_Generation = YES;
				INFOPLIST_KEY_UISupportedInterfaceOrientations_iPad = "UIInterfaceOrientationPortrait UIInterfaceOrientationPortraitUpsideDown UIInterfaceOrientationLandscapeLeft UIInterfaceOrientationLandscapeRight";
				INFOPLIST_KEY_UISupportedInterfaceOrientations_iPhone = "UIInterfaceOrientationPortrait UIInterfaceOrientationLandscapeLeft UIInterfaceOrientationLandscapeRight";
				LD_RUNPATH_SEARCH_PATHS = (
					"$(inherited)",
					"@executable_path/Frameworks",
				);
				MARKETING_VERSION = 1.0;
				PRODUCT_BUNDLE_IDENTIFIER = QuranScape.QuranScape;
				PRODUCT_NAME = "$(TARGET_NAME)";
				STRING_CATALOG_GENERATE_SYMBOLS = YES;
				SWIFT_APPROACHABLE_CONCURRENCY = YES;
				SWIFT_DEFAULT_ACTOR_ISOLATION = MainActor;
				SWIFT_EMIT_LOC_STRINGS = YES;
				SWIFT_UPCOMING_FEATURE_MEMBER_IMPORT_VISIBILITY = YES;
				SWIFT_VERSION = 5.0;
				TARGETED_DEVICE_FAMILY = "1,2";
			};
			name = Debug;
		};
		5E2BDBD83007EB63007BD194 /* Release */ = {
			isa = XCBuildConfiguration;
			buildSettings = {
				ASSETCATALOG_COMPILER_APPICON_NAME = AppIcon;
				ASSETCATALOG_COMPILER_GLOBAL_ACCENT_COLOR_NAME = AccentColor;
				CODE_SIGN_STYLE = Automatic;
				CURRENT_PROJECT_VERSION = 1;
				DEVELOPMENT_TEAM = 3XJJK875MN;
				ENABLE_PREVIEWS = YES;
				GENERATE_INFOPLIST_FILE = YES;
				INFOPLIST_KEY_UIApplicationSceneManifest_Generation = YES;
				INFOPLIST_KEY_UIApplicationSupportsIndirectInputEvents = YES;
				INFOPLIST_KEY_UILaunchScreen_Generation = YES;
				INFOPLIST_KEY_UISupportedInterfaceOrientations_iPad = "UIInterfaceOrientationPortrait UIInterfaceOrientationPortraitUpsideDown UIInterfaceOrientationLandscapeLeft UIInterfaceOrientationLandscapeRight";
				INFOPLIST_KEY_UISupportedInterfaceOrientations_iPhone = "UIInterfaceOrientationPortrait UIInterfaceOrientationLandscapeLeft UIInterfaceOrientationLandscapeRight";
				LD_RUNPATH_SEARCH_PATHS = (
					"$(inherited)",
					"@executable_path/Frameworks",
				);
				MARKETING_VERSION = 1.0;
				PRODUCT_BUNDLE_IDENTIFIER = QuranScape.QuranScape;
				PRODUCT_NAME = "$(TARGET_NAME)";
				STRING_CATALOG_GENERATE_SYMBOLS = YES;
				SWIFT_APPROACHABLE_CONCURRENCY = YES;
				SWIFT_DEFAULT_ACTOR_ISOLATION = MainActor;
				SWIFT_EMIT_LOC_STRINGS = YES;
				SWIFT_UPCOMING_FEATURE_MEMBER_IMPORT_VISIBILITY = YES;
				SWIFT_VERSION = 5.0;
				TARGETED_DEVICE_FAMILY = "1,2";
			};
			name = Release;
		};
		5E2BDBDA3007EB63007BD194 /* Debug */ = {
			isa = XCBuildConfiguration;
			buildSettings = {
				BUNDLE_LOADER = "$(TEST_HOST)";
				CODE_SIGN_STYLE = Automatic;
				CURRENT_PROJECT_VERSION = 1;
				GENERATE_INFOPLIST_FILE = YES;
				IPHONEOS_DEPLOYMENT_TARGET = 26.5;
				MARKETING_VERSION = 1.0;
				PRODUCT_BUNDLE_IDENTIFIER = QuranScape.QuranScapeTests;
				PRODUCT_NAME = "$(TARGET_NAME)";
				STRING_CATALOG_GENERATE_SYMBOLS = NO;
				SWIFT_APPROACHABLE_CONCURRENCY = YES;
				SWIFT_EMIT_LOC_STRINGS = NO;
				SWIFT_UPCOMING_FEATURE_MEMBER_IMPORT_VISIBILITY = YES;
				SWIFT_VERSION = 5.0;
				TARGETED_DEVICE_FAMILY = "1,2";
				TEST_HOST = "$(BUILT_PRODUCTS_DIR)/QuranSphere.app/$(BUNDLE_EXECUTABLE_FOLDER_PATH)/QuranSphere";
			};
			name = Debug;
		};
		5E2BDBDB3007EB63007BD194 /* Release */ = {
			isa = XCBuildConfiguration;
			buildSettings = {
				BUNDLE_LOADER = "$(TEST_HOST)";
				CODE_SIGN_STYLE = Automatic;
				CURRENT_PROJECT_VERSION = 1;
				GENERATE_INFOPLIST_FILE = YES;
				IPHONEOS_DEPLOYMENT_TARGET = 26.5;
				MARKETING_VERSION = 1.0;
				PRODUCT_BUNDLE_IDENTIFIER = QuranScape.QuranScapeTests;
				PRODUCT_NAME = "$(TARGET_NAME)";
				STRING_CATALOG_GENERATE_SYMBOLS = NO;
				SWIFT_APPROACHABLE_CONCURRENCY = YES;
				SWIFT_EMIT_LOC_STRINGS = NO;
				SWIFT_UPCOMING_FEATURE_MEMBER_IMPORT_VISIBILITY = YES;
				SWIFT_VERSION = 5.0;
				TARGETED_DEVICE_FAMILY = "1,2";
				TEST_HOST = "$(BUILT_PRODUCTS_DIR)/QuranSphere.app/$(BUNDLE_EXECUTABLE_FOLDER_PATH)/QuranSphere";
			};
			name = Release;
		};
		5E2BDBDD3007EB63007BD194 /* Debug */ = {
			isa = XCBuildConfiguration;
			buildSettings = {
				CODE_SIGN_STYLE = Automatic;
				CURRENT_PROJECT_VERSION = 1;
				GENERATE_INFOPLIST_FILE = YES;
				MARKETING_VERSION = 1.0;
				PRODUCT_BUNDLE_IDENTIFIER = QuranScape.QuranScapeUITests;
				PRODUCT_NAME = "$(TARGET_NAME)";
				STRING_CATALOG_GENERATE_SYMBOLS = NO;
				SWIFT_APPROACHABLE_CONCURRENCY = YES;
				SWIFT_EMIT_LOC_STRINGS = NO;
				SWIFT_UPCOMING_FEATURE_MEMBER_IMPORT_VISIBILITY = YES;
				SWIFT_VERSION = 5.0;
				TARGETED_DEVICE_FAMILY = "1,2";
				TEST_TARGET_NAME = QuranScape;
			};
			name = Debug;
		};
		5E2BDBDE3007EB63007BD194 /* Release */ = {
			isa = XCBuildConfiguration;
			buildSettings = {
				CODE_SIGN_STYLE = Automatic;
				CURRENT_PROJECT_VERSION = 1;
				GENERATE_INFOPLIST_FILE = YES;
				MARKETING_VERSION = 1.0;
				PRODUCT_BUNDLE_IDENTIFIER = QuranScape.QuranScapeUITests;
				PRODUCT_NAME = "$(TARGET_NAME)";
				STRING_CATALOG_GENERATE_SYMBOLS = NO;
				SWIFT_APPROACHABLE_CONCURRENCY = YES;
				SWIFT_EMIT_LOC_STRINGS = NO;
				SWIFT_UPCOMING_FEATURE_MEMBER_IMPORT_VISIBILITY = YES;
				SWIFT_VERSION = 5.0;
				TARGETED_DEVICE_FAMILY = "1,2";
				TEST_TARGET_NAME = QuranScape;
			};
			name = Release;
		};
/* End XCBuildConfiguration section */

/* Begin XCConfigurationList section */
		5E2BDBB03007EB5C007BD194 /* Build configuration list for PBXProject "QuranSphere" */ = {
			isa = XCConfigurationList;
			buildConfigurations = (
				5E2BDBD43007EB63007BD194 /* Debug */,
				5E2BDBD53007EB63007BD194 /* Release */,
			);
			defaultConfigurationIsVisible = 0;
			defaultConfigurationName = Release;
		};
		5E2BDBD63007EB63007BD194 /* Build configuration list for PBXNativeTarget "QuranSphere" */ = {
			isa = XCConfigurationList;
			buildConfigurations = (
				5E2BDBD73007EB63007BD194 /* Debug */,
				5E2BDBD83007EB63007BD194 /* Release */,
			);
			defaultConfigurationIsVisible = 0;
			defaultConfigurationName = Release;
		};
		5E2BDBD93007EB63007BD194 /* Build configuration list for PBXNativeTarget "QuranSphereTests" */ = {
			isa = XCConfigurationList;
			buildConfigurations = (
				5E2BDBDA3007EB63007BD194 /* Debug */,
				5E2BDBDB3007EB63007BD194 /* Release */,
			);
			defaultConfigurationIsVisible = 0;
			defaultConfigurationName = Release;
		};
		5E2BDBDC3007EB63007BD194 /* Build configuration list for PBXNativeTarget "QuranSphereUITests" */ = {
			isa = XCConfigurationList;
			buildConfigurations = (
				5E2BDBDD3007EB63007BD194 /* Debug */,
				5E2BDBDE3007EB63007BD194 /* Release */,
			);
			defaultConfigurationIsVisible = 0;
			defaultConfigurationName = Release;
		};
/* End XCConfigurationList section */
	};
	rootObject = 5E2BDBAD3007EB5C007BD194 /* Project object */;
}
